// !$*UTF8*$!
{
	archiveVersion = 1;
	classes = {
	};
	objectVersion = 51;
	objects = {

/* Begin PBXBuildFile section */
		20476C3622F6B93200FAEBD0 /* AlbumItem.swift in Sources */ = {isa = PBXBuildFile; fileRef = 20476C3522F6B93200FAEBD0 /* AlbumItem.swift */; };
		20476C3922F6B9ED00FAEBD0 /* AlbumsViewController.swift in Sources */ = {isa = PBXBuildFile; fileRef = 20476C3822F6B9ED00FAEBD0 /* AlbumsViewController.swift */; };
		20476C3C22F6BA0E00FAEBD0 /* AlbumsController.swift in Sources */ = {isa = PBXBuildFile; fileRef = 20476C3B22F6BA0E00FAEBD0 /* AlbumsController.swift */; };
		20476C4022F6BA4600FAEBD0 /* AlbumsViewModel.swift in Sources */ = {isa = PBXBuildFile; fileRef = 20476C3F22F6BA4600FAEBD0 /* AlbumsViewModel.swift */; };
		20476C4222F6BA5100FAEBD0 /* AlbumsService.swift in Sources */ = {isa = PBXBuildFile; fileRef = 20476C4122F6BA5100FAEBD0 /* AlbumsService.swift */; };
		20476C4622F6F12300FAEBD0 /* PhotoItem.swift in Sources */ = {isa = PBXBuildFile; fileRef = 20476C4522F6F12300FAEBD0 /* PhotoItem.swift */; };
		20476C4822F7402A00FAEBD0 /* AlbumsCellViewModel.swift in Sources */ = {isa = PBXBuildFile; fileRef = 20476C4722F7402A00FAEBD0 /* AlbumsCellViewModel.swift */; };
		20476C4A22F7437800FAEBD0 /* CellConfigurable.swift in Sources */ = {isa = PBXBuildFile; fileRef = 20476C4922F7437800FAEBD0 /* CellConfigurable.swift */; };
		20476C4D22F7448100FAEBD0 /* AlbumsTableViewCell.swift in Sources */ = {isa = PBXBuildFile; fileRef = 20476C4C22F7448100FAEBD0 /* AlbumsTableViewCell.swift */; };
		20476C5022F744FA00FAEBD0 /* AlbumCellView.swift in Sources */ = {isa = PBXBuildFile; fileRef = 20476C4F22F744FA00FAEBD0 /* AlbumCellView.swift */; };
		20476C5322F74BE600FAEBD0 /* PhotosViewModel.swift in Sources */ = {isa = PBXBuildFile; fileRef = 20476C5222F74BE600FAEBD0 /* PhotosViewModel.swift */; };
		20476C5B22F7652D00FAEBD0 /* PhotosViewController.swift in Sources */ = {isa = PBXBuildFile; fileRef = 20476C5A22F7652D00FAEBD0 /* PhotosViewController.swift */; };
		20476C5D22F7653B00FAEBD0 /* PhotosView.swift in Sources */ = {isa = PBXBuildFile; fileRef = 20476C5C22F7653B00FAEBD0 /* PhotosView.swift */; };
		20476C5F22F765E200FAEBD0 /* PhotosController.swift in Sources */ = {isa = PBXBuildFile; fileRef = 20476C5E22F765E200FAEBD0 /* PhotosController.swift */; };
		2050E04122F36A830024C049 /* AppDelegate.swift in Sources */ = {isa = PBXBuildFile; fileRef = 2050E04022F36A830024C049 /* AppDelegate.swift */; };
		2050E04322F36A830024C049 /* ViewController.swift in Sources */ = {isa = PBXBuildFile; fileRef = 2050E04222F36A830024C049 /* ViewController.swift */; };
		2050E04622F36A830024C049 /* Main.storyboard in Resources */ = {isa = PBXBuildFile; fileRef = 2050E04422F36A830024C049 /* Main.storyboard */; };
		2050E04822F36A840024C049 /* Assets.xcassets in Resources */ = {isa = PBXBuildFile; fileRef = 2050E04722F36A840024C049 /* Assets.xcassets */; };
		2050E04B22F36A840024C049 /* LaunchScreen.storyboard in Resources */ = {isa = PBXBuildFile; fileRef = 2050E04922F36A840024C049 /* LaunchScreen.storyboard */; };
		2050E05622F36A840024C049 /* PhotosAppTests.swift in Sources */ = {isa = PBXBuildFile; fileRef = 2050E05522F36A840024C049 /* PhotosAppTests.swift */; };
		206FAAD522FB25AC00C29D1B /* UsersViewModelTests.swift in Sources */ = {isa = PBXBuildFile; fileRef = 206FAAD422FB25AC00C29D1B /* UsersViewModelTests.swift */; };
		206FAAD722FB2EED00C29D1B /* UserCellViewModelTests.swift in Sources */ = {isa = PBXBuildFile; fileRef = 206FAAD622FB2EED00C29D1B /* UserCellViewModelTests.swift */; };
		2091E14122F47C5A007A22DA /* UsersViewController.swift in Sources */ = {isa = PBXBuildFile; fileRef = 2091E14022F47C5A007A22DA /* UsersViewController.swift */; };
		2091E14622F47C7B007A22DA /* SelectionView.swift in Sources */ = {isa = PBXBuildFile; fileRef = 2091E14522F47C7B007A22DA /* SelectionView.swift */; };
		2091E14922F47DFB007A22DA /* UITableView+Extra.swift in Sources */ = {isa = PBXBuildFile; fileRef = 2091E14822F47DFB007A22DA /* UITableView+Extra.swift */; };
		2091E14C22F47E8E007A22DA /* UserTableViewCell.swift in Sources */ = {isa = PBXBuildFile; fileRef = 2091E14B22F47E8E007A22DA /* UserTableViewCell.swift */; };
		2091E14E22F480F1007A22DA /* UserCellView.swift in Sources */ = {isa = PBXBuildFile; fileRef = 2091E14D22F480F1007A22DA /* UserCellView.swift */; };
		2091E15022F48232007A22DA /* UIView+Extra.swift in Sources */ = {isa = PBXBuildFile; fileRef = 2091E14F22F48232007A22DA /* UIView+Extra.swift */; };
		2091E15322F482EF007A22DA /* UserItem.swift in Sources */ = {isa = PBXBuildFile; fileRef = 2091E15222F482EF007A22DA /* UserItem.swift */; };
		2091E15922F4B1CD007A22DA /* RestClient.swift in Sources */ = {isa = PBXBuildFile; fileRef = 2091E15822F4B1CD007A22DA /* RestClient.swift */; };
		2091E15B22F4B212007A22DA /* RestClientProtocol.swift in Sources */ = {isa = PBXBuildFile; fileRef = 2091E15A22F4B212007A22DA /* RestClientProtocol.swift */; };
		2091E15E22F4B295007A22DA /* Result.swift in Sources */ = {isa = PBXBuildFile; fileRef = 2091E15D22F4B295007A22DA /* Result.swift */; };
		2091E16022F4B2CC007A22DA /* NetworkError.swift in Sources */ = {isa = PBXBuildFile; fileRef = 2091E15F22F4B2CC007A22DA /* NetworkError.swift */; };
		2091E16222F4B33C007A22DA /* EndpointProtocol.swift in Sources */ = {isa = PBXBuildFile; fileRef = 2091E16122F4B33C007A22DA /* EndpointProtocol.swift */; };
		2091E16422F4B3D9007A22DA /* Host.swift in Sources */ = {isa = PBXBuildFile; fileRef = 2091E16322F4B3D9007A22DA /* Host.swift */; };
		2091E16622F4B5CB007A22DA /* Endpoint.swift in Sources */ = {isa = PBXBuildFile; fileRef = 2091E16522F4B5CB007A22DA /* Endpoint.swift */; };
		2091E16922F5558E007A22DA /* UsersController.swift in Sources */ = {isa = PBXBuildFile; fileRef = 2091E16822F5558E007A22DA /* UsersController.swift */; };
		2091E16B22F555B8007A22DA /* UsersViewModel.swift in Sources */ = {isa = PBXBuildFile; fileRef = 2091E16A22F555B8007A22DA /* UsersViewModel.swift */; };
		2091E16F22F557A7007A22DA /* UsersService.swift in Sources */ = {isa = PBXBuildFile; fileRef = 2091E16E22F557A7007A22DA /* UsersService.swift */; };
		2091E17122F558F6007A22DA /* NetworkSuccess.swift in Sources */ = {isa = PBXBuildFile; fileRef = 2091E17022F558F6007A22DA /* NetworkSuccess.swift */; };
		2091E17622F55DFC007A22DA /* Observable.swift in Sources */ = {isa = PBXBuildFile; fileRef = 2091E17522F55DFC007A22DA /* Observable.swift */; };
		2091E17822F5BEF1007A22DA /* CodableDelegate.swift in Sources */ = {isa = PBXBuildFile; fileRef = 2091E17722F5BEF1007A22DA /* CodableDelegate.swift */; };
		2091E17A22F5CA8A007A22DA /* UserCellViewModel.swift in Sources */ = {isa = PBXBuildFile; fileRef = 2091E17922F5CA8A007A22DA /* UserCellViewModel.swift */; };
		2091E17C22F5CAE3007A22DA /* RowViewModel.swift in Sources */ = {isa = PBXBuildFile; fileRef = 2091E17B22F5CAE3007A22DA /* RowViewModel.swift */; };
		2091E17E22F5F4BB007A22DA /* ModelItemProtocol.swift in Sources */ = {isa = PBXBuildFile; fileRef = 2091E17D22F5F4BB007A22DA /* ModelItemProtocol.swift */; };
		2091E18022F5F529007A22DA /* TouchSelectionDelegate.swift in Sources */ = {isa = PBXBuildFile; fileRef = 2091E17F22F5F529007A22DA /* TouchSelectionDelegate.swift */; };
		2091E18322F6B68B007A22DA /* Translations.swift in Sources */ = {isa = PBXBuildFile; fileRef = 2091E18222F6B68B007A22DA /* Translations.swift */; };
		20F24EC922F89DD0005104DB /* PhotoCollectionViewCell.swift in Sources */ = {isa = PBXBuildFile; fileRef = 20F24EC822F89DD0005104DB /* PhotoCollectionViewCell.swift */; };
		20F24ECB22F89F2D005104DB /* UICollectionView+Extra.swift in Sources */ = {isa = PBXBuildFile; fileRef = 20F24ECA22F89F2D005104DB /* UICollectionView+Extra.swift */; };
		20F24ECF22F8AB09005104DB /* PhotoCellView.swift in Sources */ = {isa = PBXBuildFile; fileRef = 20F24ECE22F8AB09005104DB /* PhotoCellView.swift */; };
		4C7693A902A44B2B4C91B517 /* Pods_PhotosAppTests.framework in Frameworks */ = {isa = PBXBuildFile; fileRef = E6C96F8F946F3B4097CA537E /* Pods_PhotosAppTests.framework */; };
		B591A5EC37B564895474D743 /* Pods_PhotosApp.framework in Frameworks */ = {isa = PBXBuildFile; fileRef = 13ED203A809A3D1D8196645D /* Pods_PhotosApp.framework */; };
/* End PBXBuildFile section */

/* Begin PBXContainerItemProxy section */
		2050E05222F36A840024C049 /* PBXContainerItemProxy */ = {
			isa = PBXContainerItemProxy;
			containerPortal = 2050E03522F36A830024C049 /* Project object */;
			proxyType = 1;
			remoteGlobalIDString = 2050E03C22F36A830024C049;
			remoteInfo = PhotosApp;
		};
/* End PBXContainerItemProxy section */

/* Begin PBXFileReference section */
		05C70BD6C1D2CE849A8AB1F9 /* Pods-PhotosAppTests.release.xcconfig */ = {isa = PBXFileReference; includeInIndex = 1; lastKnownFileType = text.xcconfig; name = "Pods-PhotosAppTests.release.xcconfig"; path = "Target Support Files/Pods-PhotosAppTests/Pods-PhotosAppTests.release.xcconfig"; sourceTree = "<group>"; };
		13ED203A809A3D1D8196645D /* Pods_PhotosApp.framework */ = {isa = PBXFileReference; explicitFileType = wrapper.framework; includeInIndex = 0; path = Pods_PhotosApp.framework; sourceTree = BUILT_PRODUCTS_DIR; };
		20476C3522F6B93200FAEBD0 /* AlbumItem.swift */ = {isa = PBXFileReference; lastKnownFileType = sourcecode.swift; path = AlbumItem.swift; sourceTree = "<group>"; };
		20476C3822F6B9ED00FAEBD0 /* AlbumsViewController.swift */ = {isa = PBXFileReference; lastKnownFileType = sourcecode.swift; path = AlbumsViewController.swift; sourceTree = "<group>"; };
		20476C3B22F6BA0E00FAEBD0 /* AlbumsController.swift */ = {isa = PBXFileReference; lastKnownFileType = sourcecode.swift; path = AlbumsController.swift; sourceTree = "<group>"; };
		20476C3F22F6BA4600FAEBD0 /* AlbumsViewModel.swift */ = {isa = PBXFileReference; lastKnownFileType = sourcecode.swift; path = AlbumsViewModel.swift; sourceTree = "<group>"; };
		20476C4122F6BA5100FAEBD0 /* AlbumsService.swift */ = {isa = PBXFileReference; lastKnownFileType = sourcecode.swift; path = AlbumsService.swift; sourceTree = "<group>"; };
		20476C4522F6F12300FAEBD0 /* PhotoItem.swift */ = {isa = PBXFileReference; lastKnownFileType = sourcecode.swift; path = PhotoItem.swift; sourceTree = "<group>"; };
		20476C4722F7402A00FAEBD0 /* AlbumsCellViewModel.swift */ = {isa = PBXFileReference; lastKnownFileType = sourcecode.swift; path = AlbumsCellViewModel.swift; sourceTree = "<group>"; };
		20476C4922F7437800FAEBD0 /* CellConfigurable.swift */ = {isa = PBXFileReference; lastKnownFileType = sourcecode.swift; path = CellConfigurable.swift; sourceTree = "<group>"; };
		20476C4C22F7448100FAEBD0 /* AlbumsTableViewCell.swift */ = {isa = PBXFileReference; lastKnownFileType = sourcecode.swift; path = AlbumsTableViewCell.swift; sourceTree = "<group>"; };
		20476C4F22F744FA00FAEBD0 /* AlbumCellView.swift */ = {isa = PBXFileReference; lastKnownFileType = sourcecode.swift; path = AlbumCellView.swift; sourceTree = "<group>"; };
		20476C5222F74BE600FAEBD0 /* PhotosViewModel.swift */ = {isa = PBXFileReference; lastKnownFileType = sourcecode.swift; path = PhotosViewModel.swift; sourceTree = "<group>"; };
		20476C5A22F7652D00FAEBD0 /* PhotosViewController.swift */ = {isa = PBXFileReference; lastKnownFileType = sourcecode.swift; path = PhotosViewController.swift; sourceTree = "<group>"; };
		20476C5C22F7653B00FAEBD0 /* PhotosView.swift */ = {isa = PBXFileReference; lastKnownFileType = sourcecode.swift; path = PhotosView.swift; sourceTree = "<group>"; };
		20476C5E22F765E200FAEBD0 /* PhotosController.swift */ = {isa = PBXFileReference; lastKnownFileType = sourcecode.swift; path = PhotosController.swift; sourceTree = "<group>"; };
		2050E03D22F36A830024C049 /* PhotosApp.app */ = {isa = PBXFileReference; explicitFileType = wrapper.application; includeInIndex = 0; path = PhotosApp.app; sourceTree = BUILT_PRODUCTS_DIR; };
		2050E04022F36A830024C049 /* AppDelegate.swift */ = {isa = PBXFileReference; lastKnownFileType = sourcecode.swift; path = AppDelegate.swift; sourceTree = "<group>"; };
		2050E04222F36A830024C049 /* ViewController.swift */ = {isa = PBXFileReference; lastKnownFileType = sourcecode.swift; path = ViewController.swift; sourceTree = "<group>"; };
		2050E04522F36A830024C049 /* Base */ = {isa = PBXFileReference; lastKnownFileType = file.storyboard; name = Base; path = Base.lproj/Main.storyboard; sourceTree = "<group>"; };
		2050E04722F36A840024C049 /* Assets.xcassets */ = {isa = PBXFileReference; lastKnownFileType = folder.assetcatalog; path = Assets.xcassets; sourceTree = "<group>"; };
		2050E04A22F36A840024C049 /* Base */ = {isa = PBXFileReference; lastKnownFileType = file.storyboard; name = Base; path = Base.lproj/LaunchScreen.storyboard; sourceTree = "<group>"; };
		2050E04C22F36A840024C049 /* Info.plist */ = {isa = PBXFileReference; lastKnownFileType = text.plist.xml; path = Info.plist; sourceTree = "<group>"; };
		2050E05122F36A840024C049 /* PhotosAppTests.xctest */ = {isa = PBXFileReference; explicitFileType = wrapper.cfbundle; includeInIndex = 0; path = PhotosAppTests.xctest; sourceTree = BUILT_PRODUCTS_DIR; };
		2050E05522F36A840024C049 /* PhotosAppTests.swift */ = {isa = PBXFileReference; lastKnownFileType = sourcecode.swift; path = PhotosAppTests.swift; sourceTree = "<group>"; };
		2050E05722F36A840024C049 /* Info.plist */ = {isa = PBXFileReference; lastKnownFileType = text.plist.xml; path = Info.plist; sourceTree = "<group>"; };
		206FAAD422FB25AC00C29D1B /* UsersViewModelTests.swift */ = {isa = PBXFileReference; lastKnownFileType = sourcecode.swift; path = UsersViewModelTests.swift; sourceTree = "<group>"; };
		206FAAD622FB2EED00C29D1B /* UserCellViewModelTests.swift */ = {isa = PBXFileReference; lastKnownFileType = sourcecode.swift; path = UserCellViewModelTests.swift; sourceTree = "<group>"; };
		2091E14022F47C5A007A22DA /* UsersViewController.swift */ = {isa = PBXFileReference; lastKnownFileType = sourcecode.swift; path = UsersViewController.swift; sourceTree = "<group>"; };
		2091E14522F47C7B007A22DA /* SelectionView.swift */ = {isa = PBXFileReference; lastKnownFileType = sourcecode.swift; path = SelectionView.swift; sourceTree = "<group>"; };
		2091E14822F47DFB007A22DA /* UITableView+Extra.swift */ = {isa = PBXFileReference; lastKnownFileType = sourcecode.swift; path = "UITableView+Extra.swift"; sourceTree = "<group>"; };
		2091E14B22F47E8E007A22DA /* UserTableViewCell.swift */ = {isa = PBXFileReference; lastKnownFileType = sourcecode.swift; path = UserTableViewCell.swift; sourceTree = "<group>"; };
		2091E14D22F480F1007A22DA /* UserCellView.swift */ = {isa = PBXFileReference; lastKnownFileType = sourcecode.swift; path = UserCellView.swift; sourceTree = "<group>"; };
		2091E14F22F48232007A22DA /* UIView+Extra.swift */ = {isa = PBXFileReference; lastKnownFileType = sourcecode.swift; path = "UIView+Extra.swift"; sourceTree = "<group>"; };
		2091E15222F482EF007A22DA /* UserItem.swift */ = {isa = PBXFileReference; lastKnownFileType = sourcecode.swift; path = UserItem.swift; sourceTree = "<group>"; };
		2091E15822F4B1CD007A22DA /* RestClient.swift */ = {isa = PBXFileReference; lastKnownFileType = sourcecode.swift; path = RestClient.swift; sourceTree = "<group>"; };
		2091E15A22F4B212007A22DA /* RestClientProtocol.swift */ = {isa = PBXFileReference; lastKnownFileType = sourcecode.swift; path = RestClientProtocol.swift; sourceTree = "<group>"; };
		2091E15D22F4B295007A22DA /* Result.swift */ = {isa = PBXFileReference; lastKnownFileType = sourcecode.swift; path = Result.swift; sourceTree = "<group>"; };
		2091E15F22F4B2CC007A22DA /* NetworkError.swift */ = {isa = PBXFileReference; lastKnownFileType = sourcecode.swift; path = NetworkError.swift; sourceTree = "<group>"; };
		2091E16122F4B33C007A22DA /* EndpointProtocol.swift */ = {isa = PBXFileReference; lastKnownFileType = sourcecode.swift; path = EndpointProtocol.swift; sourceTree = "<group>"; };
		2091E16322F4B3D9007A22DA /* Host.swift */ = {isa = PBXFileReference; lastKnownFileType = sourcecode.swift; path = Host.swift; sourceTree = "<group>"; };
		2091E16522F4B5CB007A22DA /* Endpoint.swift */ = {isa = PBXFileReference; lastKnownFileType = sourcecode.swift; path = Endpoint.swift; sourceTree = "<group>"; };
		2091E16822F5558E007A22DA /* UsersController.swift */ = {isa = PBXFileReference; lastKnownFileType = sourcecode.swift; path = UsersController.swift; sourceTree = "<group>"; };
		2091E16A22F555B8007A22DA /* UsersViewModel.swift */ = {isa = PBXFileReference; lastKnownFileType = sourcecode.swift; path = UsersViewModel.swift; sourceTree = "<group>"; };
		2091E16E22F557A7007A22DA /* UsersService.swift */ = {isa = PBXFileReference; lastKnownFileType = sourcecode.swift; path = UsersService.swift; sourceTree = "<group>"; };
		2091E17022F558F6007A22DA /* NetworkSuccess.swift */ = {isa = PBXFileReference; lastKnownFileType = sourcecode.swift; path = NetworkSuccess.swift; sourceTree = "<group>"; };
		2091E17522F55DFC007A22DA /* Observable.swift */ = {isa = PBXFileReference; lastKnownFileType = sourcecode.swift; path = Observable.swift; sourceTree = "<group>"; };
		2091E17722F5BEF1007A22DA /* CodableDelegate.swift */ = {isa = PBXFileReference; lastKnownFileType = sourcecode.swift; path = CodableDelegate.swift; sourceTree = "<group>"; };
		2091E17922F5CA8A007A22DA /* UserCellViewModel.swift */ = {isa = PBXFileReference; lastKnownFileType = sourcecode.swift; path = UserCellViewModel.swift; sourceTree = "<group>"; };
		2091E17B22F5CAE3007A22DA /* RowViewModel.swift */ = {isa = PBXFileReference; lastKnownFileType = sourcecode.swift; path = RowViewModel.swift; sourceTree = "<group>"; };
		2091E17D22F5F4BB007A22DA /* ModelItemProtocol.swift */ = {isa = PBXFileReference; lastKnownFileType = sourcecode.swift; path = ModelItemProtocol.swift; sourceTree = "<group>"; };
		2091E17F22F5F529007A22DA /* TouchSelectionDelegate.swift */ = {isa = PBXFileReference; lastKnownFileType = sourcecode.swift; path = TouchSelectionDelegate.swift; sourceTree = "<group>"; };
		2091E18222F6B68B007A22DA /* Translations.swift */ = {isa = PBXFileReference; lastKnownFileType = sourcecode.swift; path = Translations.swift; sourceTree = "<group>"; };
		20F24EC822F89DD0005104DB /* PhotoCollectionViewCell.swift */ = {isa = PBXFileReference; lastKnownFileType = sourcecode.swift; path = PhotoCollectionViewCell.swift; sourceTree = "<group>"; };
		20F24ECA22F89F2D005104DB /* UICollectionView+Extra.swift */ = {isa = PBXFileReference; lastKnownFileType = sourcecode.swift; path = "UICollectionView+Extra.swift"; sourceTree = "<group>"; };
		20F24ECE22F8AB09005104DB /* PhotoCellView.swift */ = {isa = PBXFileReference; lastKnownFileType = sourcecode.swift; path = PhotoCellView.swift; sourceTree = "<group>"; };
		24988FFF9A61EE17DF4946C1 /* Pods-PhotosAppTests.debug.xcconfig */ = {isa = PBXFileReference; includeInIndex = 1; lastKnownFileType = text.xcconfig; name = "Pods-PhotosAppTests.debug.xcconfig"; path = "Target Support Files/Pods-PhotosAppTests/Pods-PhotosAppTests.debug.xcconfig"; sourceTree = "<group>"; };
		3FA70BE40E52864333066B6E /* Pods-PhotosApp.debug.xcconfig */ = {isa = PBXFileReference; includeInIndex = 1; lastKnownFileType = text.xcconfig; name = "Pods-PhotosApp.debug.xcconfig"; path = "Target Support Files/Pods-PhotosApp/Pods-PhotosApp.debug.xcconfig"; sourceTree = "<group>"; };
		A51EC7E8A5080ECE147F5BED /* Pods-PhotosApp.release.xcconfig */ = {isa = PBXFileReference; includeInIndex = 1; lastKnownFileType = text.xcconfig; name = "Pods-PhotosApp.release.xcconfig"; path = "Target Support Files/Pods-PhotosApp/Pods-PhotosApp.release.xcconfig"; sourceTree = "<group>"; };
		E6C96F8F946F3B4097CA537E /* Pods_PhotosAppTests.framework */ = {isa = PBXFileReference; explicitFileType = wrapper.framework; includeInIndex = 0; path = Pods_PhotosAppTests.framework; sourceTree = BUILT_PRODUCTS_DIR; };
/* End PBXFileReference section */

/* Begin PBXFrameworksBuildPhase section */
		2050E03A22F36A830024C049 /* Frameworks */ = {
			isa = PBXFrameworksBuildPhase;
			buildActionMask = 2147483647;
			files = (
				B591A5EC37B564895474D743 /* Pods_PhotosApp.framework in Frameworks */,
			);
			runOnlyForDeploymentPostprocessing = 0;
		};
		2050E04E22F36A840024C049 /* Frameworks */ = {
			isa = PBXFrameworksBuildPhase;
			buildActionMask = 2147483647;
			files = (
				4C7693A902A44B2B4C91B517 /* Pods_PhotosAppTests.framework in Frameworks */,
			);
			runOnlyForDeploymentPostprocessing = 0;
		};
/* End PBXFrameworksBuildPhase section */

/* Begin PBXGroup section */
		20476C3322F6B84A00FAEBD0 /* Albums */ = {
			isa = PBXGroup;
			children = (
				20476C4E22F744EE00FAEBD0 /* Views */,
				20476C4B22F7447000FAEBD0 /* TableViewCells */,
				20476C3E22F6BA3900FAEBD0 /* Service */,
				20476C3D22F6BA3000FAEBD0 /* ViewModel */,
				20476C3A22F6B9FF00FAEBD0 /* Data */,
				20476C3722F6B9D200FAEBD0 /* ViewController */,
			);
			path = Albums;
			sourceTree = "<group>";
		};
		20476C3422F6B85D00FAEBD0 /* Screens */ = {
			isa = PBXGroup;
			children = (
				20476C5422F7643700FAEBD0 /* Photos */,
				2091E13E22F47C40007A22DA /* Users */,
				20476C3322F6B84A00FAEBD0 /* Albums */,
			);
			path = Screens;
			sourceTree = "<group>";
		};
		20476C3722F6B9D200FAEBD0 /* ViewController */ = {
			isa = PBXGroup;
			children = (
				20476C3822F6B9ED00FAEBD0 /* AlbumsViewController.swift */,
			);
			path = ViewController;
			sourceTree = "<group>";
		};
		20476C3A22F6B9FF00FAEBD0 /* Data */ = {
			isa = PBXGroup;
			children = (
				20476C3B22F6BA0E00FAEBD0 /* AlbumsController.swift */,
			);
			path = Data;
			sourceTree = "<group>";
		};
		20476C3D22F6BA3000FAEBD0 /* ViewModel */ = {
			isa = PBXGroup;
			children = (
				20476C3F22F6BA4600FAEBD0 /* AlbumsViewModel.swift */,
				20476C4722F7402A00FAEBD0 /* AlbumsCellViewModel.swift */,
			);
			path = ViewModel;
			sourceTree = "<group>";
		};
		20476C3E22F6BA3900FAEBD0 /* Service */ = {
			isa = PBXGroup;
			children = (
				20476C4122F6BA5100FAEBD0 /* AlbumsService.swift */,
			);
			path = Service;
			sourceTree = "<group>";
		};
		20476C4322F6DEC600FAEBD0 /* Views */ = {
			isa = PBXGroup;
			children = (
				2091E14522F47C7B007A22DA /* SelectionView.swift */,
			);
			path = Views;
			sourceTree = "<group>";
		};
		20476C4422F6DED200FAEBD0 /* Translations */ = {
			isa = PBXGroup;
			children = (
				2091E18222F6B68B007A22DA /* Translations.swift */,
			);
			path = Translations;
			sourceTree = "<group>";
		};
		20476C4B22F7447000FAEBD0 /* TableViewCells */ = {
			isa = PBXGroup;
			children = (
				20476C4C22F7448100FAEBD0 /* AlbumsTableViewCell.swift */,
			);
			path = TableViewCells;
			sourceTree = "<group>";
		};
		20476C4E22F744EE00FAEBD0 /* Views */ = {
			isa = PBXGroup;
			children = (
				20476C4F22F744FA00FAEBD0 /* AlbumCellView.swift */,
			);
			path = Views;
			sourceTree = "<group>";
		};
		20476C5122F74BD300FAEBD0 /* ViewModel */ = {
			isa = PBXGroup;
			children = (
				20476C5222F74BE600FAEBD0 /* PhotosViewModel.swift */,
			);
			path = ViewModel;
			sourceTree = "<group>";
		};
		20476C5422F7643700FAEBD0 /* Photos */ = {
			isa = PBXGroup;
			children = (
				20476C5922F7647000FAEBD0 /* ViewModel */,
				20476C5822F7646300FAEBD0 /* Data */,
				20476C5722F7645900FAEBD0 /* CollectionViewCell */,
				20476C5622F7644D00FAEBD0 /* Views */,
				20476C5522F7644300FAEBD0 /* ViewController */,
			);
			path = Photos;
			sourceTree = "<group>";
		};
		20476C5522F7644300FAEBD0 /* ViewController */ = {
			isa = PBXGroup;
			children = (
				20476C5A22F7652D00FAEBD0 /* PhotosViewController.swift */,
			);
			path = ViewController;
			sourceTree = "<group>";
		};
		20476C5622F7644D00FAEBD0 /* Views */ = {
			isa = PBXGroup;
			children = (
				20476C5C22F7653B00FAEBD0 /* PhotosView.swift */,
				20F24ECE22F8AB09005104DB /* PhotoCellView.swift */,
			);
			path = Views;
			sourceTree = "<group>";
		};
		20476C5722F7645900FAEBD0 /* CollectionViewCell */ = {
			isa = PBXGroup;
			children = (
				20F24EC822F89DD0005104DB /* PhotoCollectionViewCell.swift */,
			);
			path = CollectionViewCell;
			sourceTree = "<group>";
		};
		20476C5822F7646300FAEBD0 /* Data */ = {
			isa = PBXGroup;
			children = (
				20476C5E22F765E200FAEBD0 /* PhotosController.swift */,
			);
			path = Data;
			sourceTree = "<group>";
		};
		20476C5922F7647000FAEBD0 /* ViewModel */ = {
			isa = PBXGroup;
			children = (
			);
			path = ViewModel;
			sourceTree = "<group>";
		};
		2050E03422F36A830024C049 = {
			isa = PBXGroup;
			children = (
				2050E03F22F36A830024C049 /* PhotosApp */,
				2050E05422F36A840024C049 /* PhotosAppTests */,
				2050E03E22F36A830024C049 /* Products */,
				290839967A16A1E452CC78F5 /* Pods */,
				8D2F91CE358E44839AF986C6 /* Frameworks */,
			);
			sourceTree = "<group>";
		};
		2050E03E22F36A830024C049 /* Products */ = {
			isa = PBXGroup;
			children = (
				2050E03D22F36A830024C049 /* PhotosApp.app */,
				2050E05122F36A840024C049 /* PhotosAppTests.xctest */,
			);
			name = Products;
			sourceTree = "<group>";
		};
		2050E03F22F36A830024C049 /* PhotosApp */ = {
			isa = PBXGroup;
			children = (
				20476C3422F6B85D00FAEBD0 /* Screens */,
				2091E18122F6B655007A22DA /* Common */,
				2091E17422F55DD0007A22DA /* Observable */,
				2091E15C22F4B281007A22DA /* Enum */,
				2091E15622F4B1B6007A22DA /* Network */,
				2091E15522F48470007A22DA /* Protocols */,
				2091E15422F48452007A22DA /* Models */,
				2091E14722F47DEA007A22DA /* Extensions */,
				2050E04022F36A830024C049 /* AppDelegate.swift */,
				2050E04222F36A830024C049 /* ViewController.swift */,
				2050E04422F36A830024C049 /* Main.storyboard */,
				2050E04722F36A840024C049 /* Assets.xcassets */,
				2050E04922F36A840024C049 /* LaunchScreen.storyboard */,
				2050E04C22F36A840024C049 /* Info.plist */,
			);
			path = PhotosApp;
			sourceTree = "<group>";
		};
		2050E05422F36A840024C049 /* PhotosAppTests */ = {
			isa = PBXGroup;
			children = (
				206FAAD422FB25AC00C29D1B /* UsersViewModelTests.swift */,
				206FAAD622FB2EED00C29D1B /* UserCellViewModelTests.swift */,
				2050E05522F36A840024C049 /* PhotosAppTests.swift */,
				2050E05722F36A840024C049 /* Info.plist */,
			);
			path = PhotosAppTests;
			sourceTree = "<group>";
		};
		2091E13E22F47C40007A22DA /* Users */ = {
			isa = PBXGroup;
			children = (
				2091E16D22F55796007A22DA /* Service */,
				2091E16C22F555C0007A22DA /* ViewModel */,
				2091E16722F5557B007A22DA /* Data */,
				2091E15122F482A1007A22DA /* Models */,
				2091E14A22F47E5C007A22DA /* TableViewCells */,
				2091E14222F47C5F007A22DA /* Views */,
				2091E13F22F47C4E007A22DA /* ViewController */,
			);
			path = Users;
			sourceTree = "<group>";
		};
		2091E13F22F47C4E007A22DA /* ViewController */ = {
			isa = PBXGroup;
			children = (
				2091E14022F47C5A007A22DA /* UsersViewController.swift */,
			);
			path = ViewController;
			sourceTree = "<group>";
		};
		2091E14222F47C5F007A22DA /* Views */ = {
			isa = PBXGroup;
			children = (
				2091E14D22F480F1007A22DA /* UserCellView.swift */,
			);
			path = Views;
			sourceTree = "<group>";
		};
		2091E14722F47DEA007A22DA /* Extensions */ = {
			isa = PBXGroup;
			children = (
				2091E14822F47DFB007A22DA /* UITableView+Extra.swift */,
				2091E14F22F48232007A22DA /* UIView+Extra.swift */,
				20F24ECA22F89F2D005104DB /* UICollectionView+Extra.swift */,
			);
			path = Extensions;
			sourceTree = "<group>";
		};
		2091E14A22F47E5C007A22DA /* TableViewCells */ = {
			isa = PBXGroup;
			children = (
				2091E14B22F47E8E007A22DA /* UserTableViewCell.swift */,
			);
			path = TableViewCells;
			sourceTree = "<group>";
		};
		2091E15122F482A1007A22DA /* Models */ = {
			isa = PBXGroup;
			children = (
			);
			path = Models;
			sourceTree = "<group>";
		};
		2091E15422F48452007A22DA /* Models */ = {
			isa = PBXGroup;
			children = (
				2091E15222F482EF007A22DA /* UserItem.swift */,
				20476C3522F6B93200FAEBD0 /* AlbumItem.swift */,
				20476C4522F6F12300FAEBD0 /* PhotoItem.swift */,
			);
			path = Models;
			sourceTree = "<group>";
		};
		2091E15522F48470007A22DA /* Protocols */ = {
			isa = PBXGroup;
			children = (
				2091E17722F5BEF1007A22DA /* CodableDelegate.swift */,
				2091E17D22F5F4BB007A22DA /* ModelItemProtocol.swift */,
				2091E17F22F5F529007A22DA /* TouchSelectionDelegate.swift */,
				20476C4922F7437800FAEBD0 /* CellConfigurable.swift */,
			);
			path = Protocols;
			sourceTree = "<group>";
		};
		2091E15622F4B1B6007A22DA /* Network */ = {
			isa = PBXGroup;
			children = (
				2091E15722F4B1C2007A22DA /* Client */,
			);
			path = Network;
			sourceTree = "<group>";
		};
		2091E15722F4B1C2007A22DA /* Client */ = {
			isa = PBXGroup;
			children = (
				2091E15822F4B1CD007A22DA /* RestClient.swift */,
				2091E15A22F4B212007A22DA /* RestClientProtocol.swift */,
				2091E16122F4B33C007A22DA /* EndpointProtocol.swift */,
				2091E16322F4B3D9007A22DA /* Host.swift */,
				2091E16522F4B5CB007A22DA /* Endpoint.swift */,
			);
			path = Client;
			sourceTree = "<group>";
		};
		2091E15C22F4B281007A22DA /* Enum */ = {
			isa = PBXGroup;
			children = (
				2091E15D22F4B295007A22DA /* Result.swift */,
				2091E15F22F4B2CC007A22DA /* NetworkError.swift */,
				2091E17022F558F6007A22DA /* NetworkSuccess.swift */,
			);
			path = Enum;
			sourceTree = "<group>";
		};
		2091E16722F5557B007A22DA /* Data */ = {
			isa = PBXGroup;
			children = (
				2091E16822F5558E007A22DA /* UsersController.swift */,
			);
			path = Data;
			sourceTree = "<group>";
		};
		2091E16C22F555C0007A22DA /* ViewModel */ = {
			isa = PBXGroup;
			children = (
				2091E16A22F555B8007A22DA /* UsersViewModel.swift */,
				2091E17922F5CA8A007A22DA /* UserCellViewModel.swift */,
				2091E17B22F5CAE3007A22DA /* RowViewModel.swift */,
			);
			path = ViewModel;
			sourceTree = "<group>";
		};
		2091E16D22F55796007A22DA /* Service */ = {
			isa = PBXGroup;
			children = (
				2091E16E22F557A7007A22DA /* UsersService.swift */,
			);
			path = Service;
			sourceTree = "<group>";
		};
		2091E17422F55DD0007A22DA /* Observable */ = {
			isa = PBXGroup;
			children = (
				2091E17522F55DFC007A22DA /* Observable.swift */,
			);
			path = Observable;
			sourceTree = "<group>";
		};
		2091E18122F6B655007A22DA /* Common */ = {
			isa = PBXGroup;
			children = (
				20476C5122F74BD300FAEBD0 /* ViewModel */,
				20476C4322F6DEC600FAEBD0 /* Views */,
				20476C4422F6DED200FAEBD0 /* Translations */,
			);
			path = Common;
			sourceTree = "<group>";
		};
		290839967A16A1E452CC78F5 /* Pods */ = {
			isa = PBXGroup;
			children = (
				3FA70BE40E52864333066B6E /* Pods-PhotosApp.debug.xcconfig */,
				A51EC7E8A5080ECE147F5BED /* Pods-PhotosApp.release.xcconfig */,
				24988FFF9A61EE17DF4946C1 /* Pods-PhotosAppTests.debug.xcconfig */,
				05C70BD6C1D2CE849A8AB1F9 /* Pods-PhotosAppTests.release.xcconfig */,
			);
			path = Pods;
			sourceTree = "<group>";
		};
		8D2F91CE358E44839AF986C6 /* Frameworks */ = {
			isa = PBXGroup;
			children = (
				13ED203A809A3D1D8196645D /* Pods_PhotosApp.framework */,
				E6C96F8F946F3B4097CA537E /* Pods_PhotosAppTests.framework */,
			);
			name = Frameworks;
			sourceTree = "<group>";
		};
/* End PBXGroup section */

/* Begin PBXNativeTarget section */
		2050E03C22F36A830024C049 /* PhotosApp */ = {
			isa = PBXNativeTarget;
			buildConfigurationList = 2050E05A22F36A840024C049 /* Build configuration list for PBXNativeTarget "PhotosApp" */;
			buildPhases = (
				B586547F09B90E3EDE702382 /* [CP] Check Pods Manifest.lock */,
				2050E03922F36A830024C049 /* Sources */,
				2050E03A22F36A830024C049 /* Frameworks */,
				2050E03B22F36A830024C049 /* Resources */,
				45E1EA28ACF71F82A862A3AC /* [CP] Embed Pods Frameworks */,
			);
			buildRules = (
			);
			dependencies = (
			);
			name = PhotosApp;
			productName = PhotosApp;
			productReference = 2050E03D22F36A830024C049 /* PhotosApp.app */;
			productType = "com.apple.product-type.application";
		};
		2050E05022F36A840024C049 /* PhotosAppTests */ = {
			isa = PBXNativeTarget;
			buildConfigurationList = 2050E05D22F36A840024C049 /* Build configuration list for PBXNativeTarget "PhotosAppTests" */;
			buildPhases = (
				376C5EE744037A28D23C64C0 /* [CP] Check Pods Manifest.lock */,
				2050E04D22F36A840024C049 /* Sources */,
				2050E04E22F36A840024C049 /* Frameworks */,
				2050E04F22F36A840024C049 /* Resources */,
			);
			buildRules = (
			);
			dependencies = (
				2050E05322F36A840024C049 /* PBXTargetDependency */,
			);
			name = PhotosAppTests;
			productName = PhotosAppTests;
			productReference = 2050E05122F36A840024C049 /* PhotosAppTests.xctest */;
			productType = "com.apple.product-type.bundle.unit-test";
		};
/* End PBXNativeTarget section */

/* Begin PBXProject section */
		2050E03522F36A830024C049 /* Project object */ = {
			isa = PBXProject;
			attributes = {
				LastSwiftUpdateCheck = 1020;
				LastUpgradeCheck = 1020;
				ORGANIZATIONNAME = "Boris Filipovic";
				TargetAttributes = {
					2050E03C22F36A830024C049 = {
						CreatedOnToolsVersion = 10.2.1;
					};
					2050E05022F36A840024C049 = {
						CreatedOnToolsVersion = 10.2.1;
						TestTargetID = 2050E03C22F36A830024C049;
					};
				};
			};
			buildConfigurationList = 2050E03822F36A830024C049 /* Build configuration list for PBXProject "PhotosApp" */;
			compatibilityVersion = "Xcode 9.3";
			developmentRegion = en;
			hasScannedForEncodings = 0;
			knownRegions = (
				en,
				Base,
			);
			mainGroup = 2050E03422F36A830024C049;
			productRefGroup = 2050E03E22F36A830024C049 /* Products */;
			projectDirPath = "";
			projectRoot = "";
			targets = (
				2050E03C22F36A830024C049 /* PhotosApp */,
				2050E05022F36A840024C049 /* PhotosAppTests */,
			);
		};
/* End PBXProject section */

/* Begin PBXResourcesBuildPhase section */
		2050E03B22F36A830024C049 /* Resources */ = {
			isa = PBXResourcesBuildPhase;
			buildActionMask = 2147483647;
			files = (
				2050E04B22F36A840024C049 /* LaunchScreen.storyboard in Resources */,
				2050E04822F36A840024C049 /* Assets.xcassets in Resources */,
				2050E04622F36A830024C049 /* Main.storyboard in Resources */,
			);
			runOnlyForDeploymentPostprocessing = 0;
		};
		2050E04F22F36A840024C049 /* Resources */ = {
			isa = PBXResourcesBuildPhase;
			buildActionMask = 2147483647;
			files = (
			);
			runOnlyForDeploymentPostprocessing = 0;
		};
/* End PBXResourcesBuildPhase section */

/* Begin PBXShellScriptBuildPhase section */
		376C5EE744037A28D23C64C0 /* [CP] Check Pods Manifest.lock */ = {
			isa = PBXShellScriptBuildPhase;
			buildActionMask = 2147483647;
			files = (
			);
			inputFileListPaths = (
			);
			inputPaths = (
				"${PODS_PODFILE_DIR_PATH}/Podfile.lock",
				"${PODS_ROOT}/Manifest.lock",
			);
			name = "[CP] Check Pods Manifest.lock";
			outputFileListPaths = (
			);
			outputPaths = (
				"$(DERIVED_FILE_DIR)/Pods-PhotosAppTests-checkManifestLockResult.txt",
			);
			runOnlyForDeploymentPostprocessing = 0;
			shellPath = /bin/sh;
			shellScript = "diff \"${PODS_PODFILE_DIR_PATH}/Podfile.lock\" \"${PODS_ROOT}/Manifest.lock\" > /dev/null\nif [ $? != 0 ] ; then\n    # print error to STDERR\n    echo \"error: The sandbox is not in sync with the Podfile.lock. Run 'pod install' or update your CocoaPods installation.\" >&2\n    exit 1\nfi\n# This output is used by Xcode 'outputs' to avoid re-running this script phase.\necho \"SUCCESS\" > \"${SCRIPT_OUTPUT_FILE_0}\"\n";
			showEnvVarsInLog = 0;
		};
		45E1EA28ACF71F82A862A3AC /* [CP] Embed Pods Frameworks */ = {
			isa = PBXShellScriptBuildPhase;
			buildActionMask = 2147483647;
			files = (
			);
			inputFileListPaths = (
				"${PODS_ROOT}/Target Support Files/Pods-PhotosApp/Pods-PhotosApp-frameworks-${CONFIGURATION}-input-files.xcfilelist",
			);
			name = "[CP] Embed Pods Frameworks";
			outputFileListPaths = (
				"${PODS_ROOT}/Target Support Files/Pods-PhotosApp/Pods-PhotosApp-frameworks-${CONFIGURATION}-output-files.xcfilelist",
			);
			runOnlyForDeploymentPostprocessing = 0;
			shellPath = /bin/sh;
			shellScript = "\"${PODS_ROOT}/Target Support Files/Pods-PhotosApp/Pods-PhotosApp-frameworks.sh\"\n";
			showEnvVarsInLog = 0;
		};
		B586547F09B90E3EDE702382 /* [CP] Check Pods Manifest.lock */ = {
			isa = PBXShellScriptBuildPhase;
			buildActionMask = 2147483647;
			files = (
			);
			inputFileListPaths = (
			);
			inputPaths = (
				"${PODS_PODFILE_DIR_PATH}/Podfile.lock",
				"${PODS_ROOT}/Manifest.lock",
			);
			name = "[CP] Check Pods Manifest.lock";
			outputFileListPaths = (
			);
			outputPaths = (
				"$(DERIVED_FILE_DIR)/Pods-PhotosApp-checkManifestLockResult.txt",
			);
			runOnlyForDeploymentPostprocessing = 0;
			shellPath = /bin/sh;
			shellScript = "diff \"${PODS_PODFILE_DIR_PATH}/Podfile.lock\" \"${PODS_ROOT}/Manifest.lock\" > /dev/null\nif [ $? != 0 ] ; then\n    # print error to STDERR\n    echo \"error: The sandbox is not in sync with the Podfile.lock. Run 'pod install' or update your CocoaPods installation.\" >&2\n    exit 1\nfi\n# This output is used by Xcode 'outputs' to avoid re-running this script phase.\necho \"SUCCESS\" > \"${SCRIPT_OUTPUT_FILE_0}\"\n";
			showEnvVarsInLog = 0;
		};
/* End PBXShellScriptBuildPhase section */

/* Begin PBXSourcesBuildPhase section */
		2050E03922F36A830024C049 /* Sources */ = {
			isa = PBXSourcesBuildPhase;
			buildActionMask = 2147483647;
			files = (
				2091E17A22F5CA8A007A22DA /* UserCellViewModel.swift in Sources */,
				2050E04322F36A830024C049 /* ViewController.swift in Sources */,
				20476C4622F6F12300FAEBD0 /* PhotoItem.swift in Sources */,
				2091E17E22F5F4BB007A22DA /* ModelItemProtocol.swift in Sources */,
				20476C5022F744FA00FAEBD0 /* AlbumCellView.swift in Sources */,
				20476C4222F6BA5100FAEBD0 /* AlbumsService.swift in Sources */,
				2091E14122F47C5A007A22DA /* UsersViewController.swift in Sources */,
				2091E15322F482EF007A22DA /* UserItem.swift in Sources */,
				2091E18022F5F529007A22DA /* TouchSelectionDelegate.swift in Sources */,
				2091E14922F47DFB007A22DA /* UITableView+Extra.swift in Sources */,
				2091E14E22F480F1007A22DA /* UserCellView.swift in Sources */,
				20F24EC922F89DD0005104DB /* PhotoCollectionViewCell.swift in Sources */,
				2050E04122F36A830024C049 /* AppDelegate.swift in Sources */,
				2091E17122F558F6007A22DA /* NetworkSuccess.swift in Sources */,
				20476C4822F7402A00FAEBD0 /* AlbumsCellViewModel.swift in Sources */,
				2091E17822F5BEF1007A22DA /* CodableDelegate.swift in Sources */,
				2091E16422F4B3D9007A22DA /* Host.swift in Sources */,
				2091E16B22F555B8007A22DA /* UsersViewModel.swift in Sources */,
				2091E16222F4B33C007A22DA /* EndpointProtocol.swift in Sources */,
				20F24ECB22F89F2D005104DB /* UICollectionView+Extra.swift in Sources */,
				2091E17622F55DFC007A22DA /* Observable.swift in Sources */,
				2091E16922F5558E007A22DA /* UsersController.swift in Sources */,
				2091E15E22F4B295007A22DA /* Result.swift in Sources */,
				20476C3C22F6BA0E00FAEBD0 /* AlbumsController.swift in Sources */,
				2091E15022F48232007A22DA /* UIView+Extra.swift in Sources */,
				20476C4022F6BA4600FAEBD0 /* AlbumsViewModel.swift in Sources */,
				20476C5F22F765E200FAEBD0 /* PhotosController.swift in Sources */,
				20476C4D22F7448100FAEBD0 /* AlbumsTableViewCell.swift in Sources */,
				2091E16F22F557A7007A22DA /* UsersService.swift in Sources */,
				2091E17C22F5CAE3007A22DA /* RowViewModel.swift in Sources */,
				20476C5D22F7653B00FAEBD0 /* PhotosView.swift in Sources */,
				20F24ECF22F8AB09005104DB /* PhotoCellView.swift in Sources */,
				20476C5B22F7652D00FAEBD0 /* PhotosViewController.swift in Sources */,
				2091E16622F4B5CB007A22DA /* Endpoint.swift in Sources */,
				2091E15B22F4B212007A22DA /* RestClientProtocol.swift in Sources */,
				20476C3622F6B93200FAEBD0 /* AlbumItem.swift in Sources */,
				2091E18322F6B68B007A22DA /* Translations.swift in Sources */,
				2091E14C22F47E8E007A22DA /* UserTableViewCell.swift in Sources */,
				20476C4A22F7437800FAEBD0 /* CellConfigurable.swift in Sources */,
				2091E16022F4B2CC007A22DA /* NetworkError.swift in Sources */,
				2091E15922F4B1CD007A22DA /* RestClient.swift in Sources */,
				20476C5322F74BE600FAEBD0 /* PhotosViewModel.swift in Sources */,
				20476C3922F6B9ED00FAEBD0 /* AlbumsViewController.swift in Sources */,
				2091E14622F47C7B007A22DA /* SelectionView.swift in Sources */,
			);
			runOnlyForDeploymentPostprocessing = 0;
		};
		2050E04D22F36A840024C049 /* Sources */ = {
			isa = PBXSourcesBuildPhase;
			buildActionMask = 2147483647;
			files = (
				2050E05622F36A840024C049 /* PhotosAppTests.swift in Sources */,
				206FAAD522FB25AC00C29D1B /* UsersViewModelTests.swift in Sources */,
				206FAAD722FB2EED00C29D1B /* UserCellViewModelTests.swift in Sources */,
			);
			runOnlyForDeploymentPostprocessing = 0;
		};
/* End PBXSourcesBuildPhase section */

/* Begin PBXTargetDependency section */
		2050E05322F36A840024C049 /* PBXTargetDependency */ = {
			isa = PBXTargetDependency;
			target = 2050E03C22F36A830024C049 /* PhotosApp */;
			targetProxy = 2050E05222F36A840024C049 /* PBXContainerItemProxy */;
		};
/* End PBXTargetDependency section */

/* Begin PBXVariantGroup section */
		2050E04422F36A830024C049 /* Main.storyboard */ = {
			isa = PBXVariantGroup;
			children = (
				2050E04522F36A830024C049 /* Base */,
			);
			name = Main.storyboard;
			sourceTree = "<group>";
		};
		2050E04922F36A840024C049 /* LaunchScreen.storyboard */ = {
			isa = PBXVariantGroup;
			children = (
				2050E04A22F36A840024C049 /* Base */,
			);
			name = LaunchScreen.storyboard;
			sourceTree = "<group>";
		};
/* End PBXVariantGroup section */

/* Begin XCBuildConfiguration section */
		2050E05822F36A840024C049 /* Debug */ = {
			isa = XCBuildConfiguration;
			buildSettings = {
				ALWAYS_SEARCH_USER_PATHS = NO;
				CLANG_ANALYZER_NONNULL = YES;
				CLANG_ANALYZER_NUMBER_OBJECT_CONVERSION = YES_AGGRESSIVE;
				CLANG_CXX_LANGUAGE_STANDARD = "gnu++14";
				CLANG_CXX_LIBRARY = "libc++";
				CLANG_ENABLE_MODULES = YES;
				CLANG_ENABLE_OBJC_ARC = YES;
				CLANG_ENABLE_OBJC_WEAK = YES;
				CLANG_WARN_BLOCK_CAPTURE_AUTORELEASING = YES;
				CLANG_WARN_BOOL_CONVERSION = YES;
				CLANG_WARN_COMMA = YES;
				CLANG_WARN_CONSTANT_CONVERSION = YES;
				CLANG_WARN_DEPRECATED_OBJC_IMPLEMENTATIONS = YES;
				CLANG_WARN_DIRECT_OBJC_ISA_USAGE = YES_ERROR;
				CLANG_WARN_DOCUMENTATION_COMMENTS = YES;
				CLANG_WARN_EMPTY_BODY = YES;
				CLANG_WARN_ENUM_CONVERSION = YES;
				CLANG_WARN_INFINITE_RECURSION = YES;
				CLANG_WARN_INT_CONVERSION = YES;
				CLANG_WARN_NON_LITERAL_NULL_CONVERSION = YES;
				CLANG_WARN_OBJC_IMPLICIT_RETAIN_SELF = YES;
				CLANG_WARN_OBJC_LITERAL_CONVERSION = YES;
				CLANG_WARN_OBJC_ROOT_CLASS = YES_ERROR;
				CLANG_WARN_RANGE_LOOP_ANALYSIS = YES;
				CLANG_WARN_STRICT_PROTOTYPES = YES;
				CLANG_WARN_SUSPICIOUS_MOVE = YES;
				CLANG_WARN_UNGUARDED_AVAILABILITY = YES_AGGRESSIVE;
				CLANG_WARN_UNREACHABLE_CODE = YES;
				CLANG_WARN__DUPLICATE_METHOD_MATCH = YES;
				CODE_SIGN_IDENTITY = "iPhone Developer";
				COPY_PHASE_STRIP = NO;
				DEBUG_INFORMATION_FORMAT = dwarf;
				ENABLE_STRICT_OBJC_MSGSEND = YES;
				ENABLE_TESTABILITY = YES;
				GCC_C_LANGUAGE_STANDARD = gnu11;
				GCC_DYNAMIC_NO_PIC = NO;
				GCC_NO_COMMON_BLOCKS = YES;
				GCC_OPTIMIZATION_LEVEL = 0;
				GCC_PREPROCESSOR_DEFINITIONS = (
					"DEBUG=1",
					"$(inherited)",
				);
				GCC_WARN_64_TO_32_BIT_CONVERSION = YES;
				GCC_WARN_ABOUT_RETURN_TYPE = YES_ERROR;
				GCC_WARN_UNDECLARED_SELECTOR = YES;
				GCC_WARN_UNINITIALIZED_AUTOS = YES_AGGRESSIVE;
				GCC_WARN_UNUSED_FUNCTION = YES;
				GCC_WARN_UNUSED_VARIABLE = YES;
				IPHONEOS_DEPLOYMENT_TARGET = 12.2;
				MTL_ENABLE_DEBUG_INFO = INCLUDE_SOURCE;
				MTL_FAST_MATH = YES;
				ONLY_ACTIVE_ARCH = YES;
				SDKROOT = iphoneos;
				SWIFT_ACTIVE_COMPILATION_CONDITIONS = DEBUG;
				SWIFT_OPTIMIZATION_LEVEL = "-Onone";
			};
			name = Debug;
		};
		2050E05922F36A840024C049 /* Release */ = {
			isa = XCBuildConfiguration;
			buildSettings = {
				ALWAYS_SEARCH_USER_PATHS = NO;
				CLANG_ANALYZER_NONNULL = YES;
				CLANG_ANALYZER_NUMBER_OBJECT_CONVERSION = YES_AGGRESSIVE;
				CLANG_CXX_LANGUAGE_STANDARD = "gnu++14";
				CLANG_CXX_LIBRARY = "libc++";
				CLANG_ENABLE_MODULES = YES;
				CLANG_ENABLE_OBJC_ARC = YES;
				CLANG_ENABLE_OBJC_WEAK = YES;
				CLANG_WARN_BLOCK_CAPTURE_AUTORELEASING = YES;
				CLANG_WARN_BOOL_CONVERSION = YES;
				CLANG_WARN_COMMA = YES;
				CLANG_WARN_CONSTANT_CONVERSION = YES;
				CLANG_WARN_DEPRECATED_OBJC_IMPLEMENTATIONS = YES;
				CLANG_WARN_DIRECT_OBJC_ISA_USAGE = YES_ERROR;
				CLANG_WARN_DOCUMENTATION_COMMENTS = YES;
				CLANG_WARN_EMPTY_BODY = YES;
				CLANG_WARN_ENUM_CONVERSION = YES;
				CLANG_WARN_INFINITE_RECURSION = YES;
				CLANG_WARN_INT_CONVERSION = YES;
				CLANG_WARN_NON_LITERAL_NULL_CONVERSION = YES;
				CLANG_WARN_OBJC_IMPLICIT_RETAIN_SELF = YES;
				CLANG_WARN_OBJC_LITERAL_CONVERSION = YES;
				CLANG_WARN_OBJC_ROOT_CLASS = YES_ERROR;
				CLANG_WARN_RANGE_LOOP_ANALYSIS = YES;
				CLANG_WARN_STRICT_PROTOTYPES = YES;
				CLANG_WARN_SUSPICIOUS_MOVE = YES;
				CLANG_WARN_UNGUARDED_AVAILABILITY = YES_AGGRESSIVE;
				CLANG_WARN_UNREACHABLE_CODE = YES;
				CLANG_WARN__DUPLICATE_METHOD_MATCH = YES;
				CODE_SIGN_IDENTITY = "iPhone Developer";
				COPY_PHASE_STRIP = NO;
				DEBUG_INFORMATION_FORMAT = "dwarf-with-dsym";
				ENABLE_NS_ASSERTIONS = NO;
				ENABLE_STRICT_OBJC_MSGSEND = YES;
				GCC_C_LANGUAGE_STANDARD = gnu11;
				GCC_NO_COMMON_BLOCKS = YES;
				GCC_WARN_64_TO_32_BIT_CONVERSION = YES;
				GCC_WARN_ABOUT_RETURN_TYPE = YES_ERROR;
				GCC_WARN_UNDECLARED_SELECTOR = YES;
				GCC_WARN_UNINITIALIZED_AUTOS = YES_AGGRESSIVE;
				GCC_WARN_UNUSED_FUNCTION = YES;
				GCC_WARN_UNUSED_VARIABLE = YES;
				IPHONEOS_DEPLOYMENT_TARGET = 12.2;
				MTL_ENABLE_DEBUG_INFO = NO;
				MTL_FAST_MATH = YES;
				SDKROOT = iphoneos;
				SWIFT_COMPILATION_MODE = wholemodule;
				SWIFT_OPTIMIZATION_LEVEL = "-O";
				VALIDATE_PRODUCT = YES;
			};
			name = Release;
		};
		2050E05B22F36A840024C049 /* Debug */ = {
			isa = XCBuildConfiguration;
			baseConfigurationReference = 3FA70BE40E52864333066B6E /* Pods-PhotosApp.debug.xcconfig */;
			buildSettings = {
				ASSETCATALOG_COMPILER_APPICON_NAME = AppIcon;
				CODE_SIGN_STYLE = Manual;
				DEVELOPMENT_TEAM = "";
				INFOPLIST_FILE = PhotosApp/Info.plist;
				LD_RUNPATH_SEARCH_PATHS = (
					"$(inherited)",
					"@executable_path/Frameworks",
				);
				PRODUCT_BUNDLE_IDENTIFIER = com.bf.photosapp.PhotosApp;
				PRODUCT_NAME = "$(TARGET_NAME)";
				PROVISIONING_PROFILE_SPECIFIER = "";
				SWIFT_VERSION = 5.0;
				TARGETED_DEVICE_FAMILY = "1,2";
			};
			name = Debug;
		};
		2050E05C22F36A840024C049 /* Release */ = {
			isa = XCBuildConfiguration;
			baseConfigurationReference = A51EC7E8A5080ECE147F5BED /* Pods-PhotosApp.release.xcconfig */;
			buildSettings = {
				ASSETCATALOG_COMPILER_APPICON_NAME = AppIcon;
				CODE_SIGN_STYLE = Manual;
				DEVELOPMENT_TEAM = "";
				INFOPLIST_FILE = PhotosApp/Info.plist;
				LD_RUNPATH_SEARCH_PATHS = (
					"$(inherited)",
					"@executable_path/Frameworks",
				);
				PRODUCT_BUNDLE_IDENTIFIER = com.bf.photosapp.PhotosApp;
				PRODUCT_NAME = "$(TARGET_NAME)";
				PROVISIONING_PROFILE_SPECIFIER = "";
				SWIFT_VERSION = 5.0;
				TARGETED_DEVICE_FAMILY = "1,2";
			};
			name = Release;
		};
		2050E05E22F36A840024C049 /* Debug */ = {
			isa = XCBuildConfiguration;
			baseConfigurationReference = 24988FFF9A61EE17DF4946C1 /* Pods-PhotosAppTests.debug.xcconfig */;
			buildSettings = {
				ALWAYS_EMBED_SWIFT_STANDARD_LIBRARIES = YES;
				BUNDLE_LOADER = "$(TEST_HOST)";
				CODE_SIGN_STYLE = Automatic;
				INFOPLIST_FILE = PhotosAppTests/Info.plist;
				LD_RUNPATH_SEARCH_PATHS = (
					"$(inherited)",
					"@executable_path/Frameworks",
					"@loader_path/Frameworks",
				);
				PRODUCT_BUNDLE_IDENTIFIER = com.bf.photosapp.PhotosAppTests;
				PRODUCT_NAME = "$(TARGET_NAME)";
				SWIFT_VERSION = 5.0;
				TARGETED_DEVICE_FAMILY = "1,2";
				TEST_HOST = "$(BUILT_PRODUCTS_DIR)/PhotosApp.app/PhotosApp";
			};
			name = Debug;
		};
		2050E05F22F36A840024C049 /* Release */ = {
			isa = XCBuildConfiguration;
			baseConfigurationReference = 05C70BD6C1D2CE849A8AB1F9 /* Pods-PhotosAppTests.release.xcconfig */;
			buildSettings = {
				ALWAYS_EMBED_SWIFT_STANDARD_LIBRARIES = YES;
				BUNDLE_LOADER = "$(TEST_HOST)";
				CODE_SIGN_STYLE = Automatic;
				INFOPLIST_FILE = PhotosAppTests/Info.plist;
				LD_RUNPATH_SEARCH_PATHS = (
					"$(inherited)",
					"@executable_path/Frameworks",
					"@loader_path/Frameworks",
				);
				PRODUCT_BUNDLE_IDENTIFIER = com.bf.photosapp.PhotosAppTests;
				PRODUCT_NAME = "$(TARGET_NAME)";
				SWIFT_VERSION = 5.0;
				TARGETED_DEVICE_FAMILY = "1,2";
				TEST_HOST = "$(BUILT_PRODUCTS_DIR)/PhotosApp.app/PhotosApp";
			};
			name = Release;
		};
/* End XCBuildConfiguration section */

/* Begin XCConfigurationList section */
		2050E03822F36A830024C049 /* Build configuration list for PBXProject "PhotosApp" */ = {
			isa = XCConfigurationList;
			buildConfigurations = (
				2050E05822F36A840024C049 /* Debug */,
				2050E05922F36A840024C049 /* Release */,
			);
			defaultConfigurationIsVisible = 0;
			defaultConfigurationName = Release;
		};
		2050E05A22F36A840024C049 /* Build configuration list for PBXNativeTarget "PhotosApp" */ = {
			isa = XCConfigurationList;
			buildConfigurations = (
				2050E05B22F36A840024C049 /* Debug */,
				2050E05C22F36A840024C049 /* Release */,
			);
			defaultConfigurationIsVisible = 0;
			defaultConfigurationName = Release;
		};
		2050E05D22F36A840024C049 /* Build configuration list for PBXNativeTarget "PhotosAppTests" */ = {
			isa = XCConfigurationList;
			buildConfigurations = (
				2050E05E22F36A840024C049 /* Debug */,
				2050E05F22F36A840024C049 /* Release */,
			);
			defaultConfigurationIsVisible = 0;
			defaultConfigurationName = Release;
		};
/* End XCConfigurationList section */
	};
	rootObject = 2050E03522F36A830024C049 /* Project object */;
}
